
Microsoft Visual Studio Solution File, Format Version 12.00
# Visual Studio 2013
VisualStudioVersion = 12.0.21005.1
MinimumVisualStudioVersion = 10.0.40219.1
Project("{FAE04EC0-301F-11D3-BF4B-00C04F79EFBC}") = "PlaceNetwork", "PlaceNetwork\PlaceNetwork.csproj", "{2F086DBB-CDEE-425E-AFB7-E847E28F6909}"
EndProject
Project("{FAE04EC0-301F-11D3-BF4B-00C04F79EFBC}") = "PlaceNetwork.Data", "PlaceNetwork.Data\PlaceNetwork.Data.csproj", "{A929EF1B-51B5-48FD-8708-60B5E58A8CB9}"
EndProject
Project("{FAE04EC0-301F-11D3-BF4B-00C04F79EFBC}") = "PlaceNetwork.BusinessLogic", "PlaceNetwork.BusinessLogic\PlaceNetwork.BusinessLogic.csproj", "{E3EA6A22-5310-4514-BA53-AAD7A1045A22}"
EndProject
Global
	GlobalSection(SolutionConfigurationPlatforms) = preSolution
		Debug|Any CPU = Debug|Any CPU
		Release|Any CPU = Release|Any CPU
	EndGlobalSection
	GlobalSection(ProjectConfigurationPlatforms) = postSolution
		{2F086DBB-CDEE-425E-AFB7-E847E28F6909}.Debug|Any CPU.ActiveCfg = Debug|Any CPU
		{2F086DBB-CDEE-425E-AFB7-E847E28F6909}.Debug|Any CPU.Build.0 = Debug|Any CPU
		{2F086DBB-CDEE-425E-AFB7-E847E28F6909}.Release|Any CPU.ActiveCfg = Release|Any CPU
		{2F086DBB-CDEE-425E-AFB7-E847E28F6909}.Release|Any CPU.Build.0 = Release|Any CPU
		{A929EF1B-51B5-48FD-8708-60B5E58A8CB9}.Debug|Any CPU.ActiveCfg = Debug|Any CPU
		{A929EF1B-51B5-48FD-8708-60B5E58A8CB9}.Debug|Any CPU.Build.0 = Debug|Any CPU
		{A929EF1B-51B5-48FD-8708-60B5E58A8CB9}.Release|Any CPU.ActiveCfg = Release|Any CPU
		{A929EF1B-51B5-48FD-8708-60B5E58A8CB9}.Release|Any CPU.Build.0 = Release|Any CPU
		{E3EA6A22-5310-4514-BA53-AAD7A1045A22}.Debug|Any CPU.ActiveCfg = Debug|Any CPU
		{E3EA6A22-5310-4514-BA53-AAD7A1045A22}.Debug|Any CPU.Build.0 = Debug|Any CPU
		{E3EA6A22-5310-4514-BA53-AAD7A1045A22}.Release|Any CPU.ActiveCfg = Release|Any CPU
		{E3EA6A22-5310-4514-BA53-AAD7A1045A22}.Release|Any CPU.Build.0 = Release|Any CPU
	EndGlobalSection
	GlobalSection(SolutionProperties) = preSolution
		HideSolutionNode = FALSE
	EndGlobalSection
EndGlobal
